{
    "_meta": {
        "hash": {
            "sha256": "867729e05a24066d9863c79d50186e0ac1eb9e45600834cee75f10a28da63c0b"
        },
        "pipfile-spec": 6,
        "requires": {
            "python_version": "3.9"
        },
        "sources": [
            {
                "name": "pypi",
                "url": "https://pypi.org/simple",
                "verify_ssl": true
            }
        ]
    },
    "default": {
        "joblib": {
            "hashes": [
                "sha256:9c17567692206d2f3fb9ecf5e991084254fe631665c450b443761c4186a613f7",
                "sha256:feeb1ec69c4d45129954f1b7034954241eedfd6ba39b5e9e4b6883be3332d5e5"
            ],
            "index": "pypi",
            "version": "==1.0.1"
        },
        "py3nvml": {
            "hashes": [
                "sha256:1840f20fe21c698f33f10bc37c4b7d486b9a21bf1a6088ca76c8981eab8801e5",
                "sha256:98416c8b57136b81aba2007165f63717a10701f131347bfde7541524aba6d7cb"
            ],
            "index": "pypi",
            "version": "==0.2.6"
        },
        "xmltodict": {
            "hashes": [
                "sha256:50d8c638ed7ecb88d90561beedbf720c9b4e851a9fa6c47ebd64e99d166d8a21",
                "sha256:8bbcb45cc982f48b2ca8fe7e7827c5d792f217ecf1792626f808bf41c3b86051"
            ],
            "version": "==0.12.0"
        }
    },
    "develop": {}
}
